// !$*UTF8*$!
{
	archiveVersion = 1;
	classes = {
	};
	objectVersion = 46;
	objects = {

/* Begin PBXBuildFile section */
		18DF1CD91ADA26E5005CD06E /* main.c in Sources */ = {isa = PBXBuildFile; fileRef = 18DF1CD81ADA26E5005CD06E /* main.c */; };
/* End PBXBuildFile section */

/* Begin PBXCopyFilesBuildPhase section */
		18DF1CD31ADA26E5005CD06E /* CopyFiles */ = {
			isa = PBXCopyFilesBuildPhase;
			buildActionMask = 2147483647;
			dstPath = /usr/share/man/man1/;
			dstSubfolderSpec = 0;
			files = (
			);
			runOnlyForDeploymentPostprocessing = 1;
		};
/* End PBXCopyFilesBuildPhase section */

/* Begin PBXFileReference section */
		18DF1CD51ADA26E5005CD06E /* Cpk */ = {isa = PBXFileReference; explicitFileType = "compiled.mach-o.executable"; includeInIndex = 0; path = Cpk; sourceTree = BUILT_PRODUCTS_DIR; };
		18DF1CD81ADA26E5005CD06E /* main.c */ = {isa = PBXFileReference; lastKnownFileType = sourcecode.c.c; path = main.c; sourceTree = "<group>"; };
/* End PBXFileReference section */

/* Begin PBXFrameworksBuildPhase section */
		18DF1CD21ADA26E5005CD06E /* Frameworks */ = {
			isa = PBXFrameworksBuildPhase;
			buildActionMask = 2147483647;
			files = (
			);
			runOnlyForDeploymentPostprocessing = 0;
		};
/* End PBXFrameworksBuildPhase section */

/* Begin PBXGroup section */
		18DF1CCC1ADA26E5005CD06E = {
			isa = PBXGroup;
			children = (
				18DF1CD71ADA26E5005CD06E /* Cpk */,
				18DF1CD61ADA26E5005CD06E /* Products */,
			);
			sourceTree = "<group>";
		};
		18DF1CD61ADA26E5005CD06E /* Products */ = {
			isa = PBXGroup;
			children = (
				18DF1CD51ADA26E5005CD06E /* Cpk */,
			);
			name = Products;
			sourceTree = "<group>";
		};
		18DF1CD71ADA26E5005CD06E /* Cpk */ = {
			isa = PBXGroup;
			children = (
				18DF1CD81ADA26E5005CD06E /* main.c */,
			);
			path = Cpk;
			sourceTree = "<group>";
		};
/* End PBXGroup section */

/* Begin PBXNativeTarget section */
		18DF1CD41ADA26E5005CD06E /* Cpk */ = {
			isa = PBXNativeTarget;
			buildConfigurationList = 18DF1CDC1ADA26E5005CD06E /* Build configuration list for PBXNativeTarget "Cpk" */;
			buildPhases = (
				18DF1CD11ADA26E5005CD06E /* Sources */,
				18DF1CD21ADA26E5005CD06E /* Frameworks */,
				18DF1CD31ADA26E5005CD06E /* CopyFiles */,
			);
			buildRules = (
			);
			dependencies = (
			);
			name = Cpk;
			productName = Cpk;
			productReference = 18DF1CD51ADA26E5005CD06E /* Cpk */;
			productType = "com.apple.product-type.tool";
		};
/* End PBXNativeTarget section */

/* Begin PBXProject section */
		18DF1CCD1ADA26E5005CD06E /* Project object */ = {
			isa = PBXProject;
			attributes = {
				LastUpgradeCheck = 0630;
				ORGANIZATIONNAME = "家琪";
				TargetAttributes = {
					18DF1CD41ADA26E5005CD06E = {
						CreatedOnToolsVersion = 6.3;
					};
				};
			};
			buildConfigurationList = 18DF1CD01ADA26E5005CD06E /* Build configuration list for PBXProject "Cpk" */;
			compatibilityVersion = "Xcode 3.2";
			developmentRegion = English;
			hasScannedForEncodings = 0;
			knownRegions = (
				en,
			);
			mainGroup = 18DF1CCC1ADA26E5005CD06E;
			productRefGroup = 18DF1CD61ADA26E5005CD06E /* Products */;
			projectDirPath = "";
			projectRoot = "";
			targets = (
				18DF1CD41ADA26E5005CD06E /* Cpk */,
			);
		};
/* End PBXProject section */

/* Begin PBXSourcesBuildPhase section */
		18DF1CD11ADA26E5005CD06E /* Sources */ = {
			isa = PBXSourcesBuildPhase;
			buildActionMask = 2147483647;
			files = (
				18DF1CD91ADA26E5005CD06E /* main.c in Sources */,
			);
			runOnlyForDeploymentPostprocessing = 0;
		};
/* End PBXSourcesBuildPhase section */

/* Begin XCBuildConfiguration section */
		18DF1CDA1ADA26E5005CD06E /* Debug */ = {
			isa = XCBuildConfiguration;
			buildSettings = {
				ALWAYS_SEARCH_USER_PATHS = NO;
				CLANG_CXX_LANGUAGE_STANDARD = "gnu++0x";
				CLANG_CXX_LIBRARY = "libc++";
				CLANG_ENABLE_MODULES = YES;
				CLANG_ENABLE_OBJC_ARC = YES;
				CLANG_WARN_BOOL_CONVERSION = YES;
				CLANG_WARN_CONSTANT_CONVERSION = YES;
				CLANG_WARN_DIRECT_OBJC_ISA_USAGE = YES_ERROR;
				CLANG_WARN_EMPTY_BODY = YES;
				CLANG_WARN_ENUM_CONVERSION = YES;
				CLANG_WARN_INT_CONVERSION = YES;
				CLANG_WARN_OBJC_ROOT_CLASS = YES_ERROR;
				CLANG_WARN_UNREACHABLE_CODE = YES;
				CLANG_WARN__DUPLICATE_METHOD_MATCH = YES;
				COPY_PHASE_STRIP = NO;
				DEBUG_INFORMATION_FORMAT = dwarf;
				ENABLE_STRICT_OBJC_MSGSEND = YES;
				GCC_C_LANGUAGE_STANDARD = gnu99;
				GCC_DYNAMIC_NO_PIC = NO;
				GCC_NO_COMMON_BLOCKS = YES;
				GCC_OPTIMIZATION_LEVEL = 0;
				GCC_PREPROCESSOR_DEFINITIONS = (
					"DEBUG=1",
					"$(inherited)",
				);
				GCC_SYMBOLS_PRIVATE_EXTERN = NO;
				GCC_WARN_64_TO_32_BIT_CONVERSION = YES;
				GCC_WARN_ABOUT_RETURN_TYPE = YES_ERROR;
				GCC_WARN_UNDECLARED_SELECTOR = YES;
				GCC_WARN_UNINITIALIZED_AUTOS = YES_AGGRESSIVE;
				GCC_WARN_UNUSED_FUNCTION = YES;
				GCC_WARN_UNUSED_VARIABLE = YES;
				MACOSX_DEPLOYMENT_TARGET = 10.10;
				MTL_ENABLE_DEBUG_INFO = YES;
				ONLY_ACTIVE_ARCH = YES;
				SDKROOT = macosx;
			};
			name = Debug;
		};
		18DF1CDB1ADA26E5005CD06E /* Release */ = {
			isa = XCBuildConfiguration;
			buildSettings = {
				ALWAYS_SEARCH_USER_PATHS = NO;
				CLANG_CXX_LANGUAGE_STANDARD = "gnu++0x";
				CLANG_CXX_LIBRARY = "libc++";
				CLANG_ENABLE_MODULES = YES;
				CLANG_ENABLE_OBJC_ARC = YES;
				CLANG_WARN_BOOL_CONVERSION = YES;
				CLANG_WARN_CONSTANT_CONVERSION = YES;
				CLANG_WARN_DIRECT_OBJC_ISA_USAGE = YES_ERROR;
				CLANG_WARN_EMPTY_BODY = YES;
				CLANG_WARN_ENUM_CONVERSION = YES;
				CLANG_WARN_INT_CONVERSION = YES;
				CLANG_WARN_OBJC_ROOT_CLASS = YES_ERROR;
				CLANG_WARN_UNREACHABLE_CODE = YES;
				CLANG_WARN__DUPLICATE_METHOD_MATCH = YES;
				COPY_PHASE_STRIP = NO;
				DEBUG_INFORMATION_FORMAT = "dwarf-with-dsym";
				ENABLE_NS_ASSERTIONS = NO;
				ENABLE_STRICT_OBJC_MSGSEND = YES;
				GCC_C_LANGUAGE_STANDARD = gnu99;
				GCC_NO_COMMON_BLOCKS = YES;
				GCC_WARN_64_TO_32_BIT_CONVERSION = YES;
				GCC_WARN_ABOUT_RETURN_TYPE = YES_ERROR;
				GCC_WARN_UNDECLARED_SELECTOR = YES;
				GCC_WARN_UNINITIALIZED_AUTOS = YES_AGGRESSIVE;
				GCC_WARN_UNUSED_FUNCTION = YES;
				GCC_WARN_UNUSED_VARIABLE = YES;
				MACOSX_DEPLOYMENT_TARGET = 10.10;
				MTL_ENABLE_DEBUG_INFO = NO;
				SDKROOT = macosx;
			};
			name = Release;
		};
		18DF1CDD1ADA26E5005CD06E /* Debug */ = {
			isa = XCBuildConfiguration;
			buildSettings = {
				PRODUCT_NAME = "$(TARGET_NAME)";
			};
			name = Debug;
		};
		18DF1CDE1ADA26E5005CD06E /* Release */ = {
			isa = XCBuildConfiguration;
			buildSettings = {
				PRODUCT_NAME = "$(TARGET_NAME)";
			};
			name = Release;
		};
/* End XCBuildConfiguration section */

/* Begin XCConfigurationList section */
		18DF1CD01ADA26E5005CD06E /* Build configuration list for PBXProject "Cpk" */ = {
			isa = XCConfigurationList;
			buildConfigurations = (
				18DF1CDA1ADA26E5005CD06E /* Debug */,
				18DF1CDB1ADA26E5005CD06E /* Release */,
			);
			defaultConfigurationIsVisible = 0;
			defaultConfigurationName = Release;
		};
		18DF1CDC1ADA26E5005CD06E /* Build configuration list for PBXNativeTarget "Cpk" */ = {
			isa = XCConfigurationList;
			buildConfigurations = (
				18DF1CDD1ADA26E5005CD06E /* Debug */,
				18DF1CDE1ADA26E5005CD06E /* Release */,
			);
			defaultConfigurationIsVisible = 0;
		};
/* End XCConfigurationList section */
	};
	rootObject = 18DF1CCD1ADA26E5005CD06E /* Project object */;
}
